
Microsoft Visual Studio Solution File, Format Version 12.00
# Visual Studio Version 17
VisualStudioVersion = 17.6.33829.357
MinimumVisualStudioVersion = 10.0.40219.1
Project("{FAE04EC0-301F-11D3-BF4B-00C04F79EFBC}") = "JWT", "JWT\JWT.csproj", "{7D64B458-4B55-4003-BE9C-BA2D6189529C}"
EndProject
Global
	GlobalSection(SolutionConfigurationPlatforms) = preSolution
		Debug|Any CPU = Debug|Any CPU
		Release|Any CPU = Release|Any CPU
	EndGlobalSection
	GlobalSection(ProjectConfigurationPlatforms) = postSolution
		{7D64B458-4B55-4003-BE9C-BA2D6189529C}.Debug|Any CPU.ActiveCfg = Debug|Any CPU
		{7D64B458-4B55-4003-BE9C-BA2D6189529C}.Debug|Any CPU.Build.0 = Debug|Any CPU
		{7D64B458-4B55-4003-BE9C-BA2D6189529C}.Release|Any CPU.ActiveCfg = Release|Any CPU
		{7D64B458-4B55-4003-BE9C-BA2D6189529C}.Release|Any CPU.Build.0 = Release|Any CPU
	EndGlobalSection
	GlobalSection(SolutionProperties) = preSolution
		HideSolutionNode = FALSE
	EndGlobalSection
	GlobalSection(ExtensibilityGlobals) = postSolution
		SolutionGuid = {988C3F48-5425-48BE-BF72-04CD50D41AFE}
	EndGlobalSection
EndGlobal
